// !$*UTF8*$!
{
	archiveVersion = 1;
	classes = {
	};
	objectVersion = 55;
	objects = {

/* Begin PBXBuildFile section */
		31CB4C60276113C100108A12 /* Tests_iOS.swift in Sources */ = {isa = PBXBuildFile; fileRef = 31CB4C5F276113C100108A12 /* Tests_iOS.swift */; };
		31CB4C62276113C100108A12 /* Tests_iOSLaunchTests.swift in Sources */ = {isa = PBXBuildFile; fileRef = 31CB4C61276113C100108A12 /* Tests_iOSLaunchTests.swift */; };
		31CB4C6C276113C100108A12 /* Tests_macOS.swift in Sources */ = {isa = PBXBuildFile; fileRef = 31CB4C6B276113C100108A12 /* Tests_macOS.swift */; };
		31CB4C6E276113C100108A12 /* Tests_macOSLaunchTests.swift in Sources */ = {isa = PBXBuildFile; fileRef = 31CB4C6D276113C100108A12 /* Tests_macOSLaunchTests.swift */; };
		31CB4C6F276113C100108A12 /* Multiplatform_appApp.swift in Sources */ = {isa = PBXBuildFile; fileRef = 31CB4C47276113BF00108A12 /* Multiplatform_appApp.swift */; };
		31CB4C70276113C100108A12 /* Multiplatform_appApp.swift in Sources */ = {isa = PBXBuildFile; fileRef = 31CB4C47276113BF00108A12 /* Multiplatform_appApp.swift */; };
		31CB4C71276113C100108A12 /* ContentView.swift in Sources */ = {isa = PBXBuildFile; fileRef = 31CB4C48276113BF00108A12 /* ContentView.swift */; };
		31CB4C72276113C100108A12 /* ContentView.swift in Sources */ = {isa = PBXBuildFile; fileRef = 31CB4C48276113BF00108A12 /* ContentView.swift */; };
		31CB4C73276113C100108A12 /* Assets.xcassets in Resources */ = {isa = PBXBuildFile; fileRef = 31CB4C49276113C000108A12 /* Assets.xcassets */; };
		31CB4C74276113C100108A12 /* Assets.xcassets in Resources */ = {isa = PBXBuildFile; fileRef = 31CB4C49276113C000108A12 /* Assets.xcassets */; };
/* End PBXBuildFile section */

/* Begin PBXContainerItemProxy section */
		31CB4C5C276113C100108A12 /* PBXContainerItemProxy */ = {
			isa = PBXContainerItemProxy;
			containerPortal = 31CB4C42276113BF00108A12 /* Project object */;
			proxyType = 1;
			remoteGlobalIDString = 31CB4C4D276113C000108A12;
			remoteInfo = "Multiplatform app (iOS)";
		};
		31CB4C68276113C100108A12 /* PBXContainerItemProxy */ = {
			isa = PBXContainerItemProxy;
			containerPortal = 31CB4C42276113BF00108A12 /* Project object */;
			proxyType = 1;
			remoteGlobalIDString = 31CB4C53276113C100108A12;
			remoteInfo = "Multiplatform app (macOS)";
		};
/* End PBXContainerItemProxy section */

/* Begin PBXFileReference section */
		31CB4C47276113BF00108A12 /* Multiplatform_appApp.swift */ = {isa = PBXFileReference; lastKnownFileType = sourcecode.swift; path = Multiplatform_appApp.swift; sourceTree = "<group>"; };
		31CB4C48276113BF00108A12 /* ContentView.swift */ = {isa = PBXFileReference; lastKnownFileType = sourcecode.swift; path = ContentView.swift; sourceTree = "<group>"; };
		31CB4C49276113C000108A12 /* Assets.xcassets */ = {isa = PBXFileReference; lastKnownFileType = folder.assetcatalog; path = Assets.xcassets; sourceTree = "<group>"; };
		31CB4C4E276113C100108A12 /* Multiplatform app.app */ = {isa = PBXFileReference; explicitFileType = wrapper.application; includeInIndex = 0; path = "Multiplatform app.app"; sourceTree = BUILT_PRODUCTS_DIR; };
		31CB4C54276113C100108A12 /* Multiplatform app.app */ = {isa = PBXFileReference; explicitFileType = wrapper.application; includeInIndex = 0; path = "Multiplatform app.app"; sourceTree = BUILT_PRODUCTS_DIR; };
		31CB4C56276113C100108A12 /* macOS.entitlements */ = {isa = PBXFileReference; lastKnownFileType = text.plist.entitlements; path = macOS.entitlements; sourceTree = "<group>"; };
		31CB4C5B276113C100108A12 /* Tests iOS.xctest */ = {isa = PBXFileReference; explicitFileType = wrapper.cfbundle; includeInIndex = 0; path = "Tests iOS.xctest"; sourceTree = BUILT_PRODUCTS_DIR; };
		31CB4C5F276113C100108A12 /* Tests_iOS.swift */ = {isa = PBXFileReference; lastKnownFileType = sourcecode.swift; path = Tests_iOS.swift; sourceTree = "<group>"; };
		31CB4C61276113C100108A12 /* Tests_iOSLaunchTests.swift */ = {isa = PBXFileReference; lastKnownFileType = sourcecode.swift; path = Tests_iOSLaunchTests.swift; sourceTree = "<group>"; };
		31CB4C67276113C100108A12 /* Tests macOS.xctest */ = {isa = PBXFileReference; explicitFileType = wrapper.cfbundle; includeInIndex = 0; path = "Tests macOS.xctest"; sourceTree = BUILT_PRODUCTS_DIR; };
		31CB4C6B276113C100108A12 /* Tests_macOS.swift */ = {isa = PBXFileReference; lastKnownFileType = sourcecode.swift; path = Tests_macOS.swift; sourceTree = "<group>"; };
		31CB4C6D276113C100108A12 /* Tests_macOSLaunchTests.swift */ = {isa = PBXFileReference; lastKnownFileType = sourcecode.swift; path = Tests_macOSLaunchTests.swift; sourceTree = "<group>"; };
/* End PBXFileReference section */

/* Begin PBXFrameworksBuildPhase section */
		31CB4C4B276113C000108A12 /* Frameworks */ = {
			isa = PBXFrameworksBuildPhase;
			buildActionMask = 2147483647;
			files = (
			);
			runOnlyForDeploymentPostprocessing = 0;
		};
		31CB4C51276113C100108A12 /* Frameworks */ = {
			isa = PBXFrameworksBuildPhase;
			buildActionMask = 2147483647;
			files = (
			);
			runOnlyForDeploymentPostprocessing = 0;
		};
		31CB4C58276113C100108A12 /* Frameworks */ = {
			isa = PBXFrameworksBuildPhase;
			buildActionMask = 2147483647;
			files = (
			);
			runOnlyForDeploymentPostprocessing = 0;
		};
		31CB4C64276113C100108A12 /* Frameworks */ = {
			isa = PBXFrameworksBuildPhase;
			buildActionMask = 2147483647;
			files = (
			);
			runOnlyForDeploymentPostprocessing = 0;
		};
/* End PBXFrameworksBuildPhase section */

/* Begin PBXGroup section */
		31CB4C41276113BF00108A12 = {
			isa = PBXGroup;
			children = (
				31CB4C46276113BF00108A12 /* Shared */,
				31CB4C55276113C100108A12 /* macOS */,
				31CB4C5E276113C100108A12 /* Tests iOS */,
				31CB4C6A276113C100108A12 /* Tests macOS */,
				31CB4C4F276113C100108A12 /* Products */,
			);
			sourceTree = "<group>";
		};
		31CB4C46276113BF00108A12 /* Shared */ = {
			isa = PBXGroup;
			children = (
				31CB4C47276113BF00108A12 /* Multiplatform_appApp.swift */,
				31CB4C48276113BF00108A12 /* ContentView.swift */,
				31CB4C49276113C000108A12 /* Assets.xcassets */,
			);
			path = Shared;
			sourceTree = "<group>";
		};
		31CB4C4F276113C100108A12 /* Products */ = {
			isa = PBXGroup;
			children = (
				31CB4C4E276113C100108A12 /* Multiplatform app.app */,
				31CB4C54276113C100108A12 /* Multiplatform app.app */,
				31CB4C5B276113C100108A12 /* Tests iOS.xctest */,
				31CB4C67276113C100108A12 /* Tests macOS.xctest */,
			);
			name = Products;
			sourceTree = "<group>";
		};
		31CB4C55276113C100108A12 /* macOS */ = {
			isa = PBXGroup;
			children = (
				31CB4C56276113C100108A12 /* macOS.entitlements */,
			);
			path = macOS;
			sourceTree = "<group>";
		};
		31CB4C5E276113C100108A12 /* Tests iOS */ = {
			isa = PBXGroup;
			children = (
				31CB4C5F276113C100108A12 /* Tests_iOS.swift */,
				31CB4C61276113C100108A12 /* Tests_iOSLaunchTests.swift */,
			);
			path = "Tests iOS";
			sourceTree = "<group>";
		};
		31CB4C6A276113C100108A12 /* Tests macOS */ = {
			isa = PBXGroup;
			children = (
				31CB4C6B276113C100108A12 /* Tests_macOS.swift */,
				31CB4C6D276113C100108A12 /* Tests_macOSLaunchTests.swift */,
			);
			path = "Tests macOS";
			sourceTree = "<group>";
		};
/* End PBXGroup section */

/* Begin PBXNativeTarget section */
		31CB4C4D276113C000108A12 /* Multiplatform app (iOS) */ = {
			isa = PBXNativeTarget;
			buildConfigurationList = 31CB4C77276113C100108A12 /* Build configuration list for PBXNativeTarget "Multiplatform app (iOS)" */;
			buildPhases = (
				31CB4C4A276113C000108A12 /* Sources */,
				31CB4C4B276113C000108A12 /* Frameworks */,
				31CB4C4C276113C000108A12 /* Resources */,
			);
			buildRules = (
			);
			dependencies = (
			);
			name = "Multiplatform app (iOS)";
			productName = "Multiplatform app (iOS)";
			productReference = 31CB4C4E276113C100108A12 /* Multiplatform app.app */;
			productType = "com.apple.product-type.application";
		};
		31CB4C53276113C100108A12 /* Multiplatform app (macOS) */ = {
			isa = PBXNativeTarget;
			buildConfigurationList = 31CB4C7A276113C100108A12 /* Build configuration list for PBXNativeTarget "Multiplatform app (macOS)" */;
			buildPhases = (
				31CB4C50276113C100108A12 /* Sources */,
				31CB4C51276113C100108A12 /* Frameworks */,
				31CB4C52276113C100108A12 /* Resources */,
			);
			buildRules = (
			);
			dependencies = (
			);
			name = "Multiplatform app (macOS)";
			productName = "Multiplatform app (macOS)";
			productReference = 31CB4C54276113C100108A12 /* Multiplatform app.app */;
			productType = "com.apple.product-type.application";
		};
		31CB4C5A276113C100108A12 /* Tests iOS */ = {
			isa = PBXNativeTarget;
			buildConfigurationList = 31CB4C7D276113C100108A12 /* Build configuration list for PBXNativeTarget "Tests iOS" */;
			buildPhases = (
				31CB4C57276113C100108A12 /* Sources */,
				31CB4C58276113C100108A12 /* Frameworks */,
				31CB4C59276113C100108A12 /* Resources */,
			);
			buildRules = (
			);
			dependencies = (
				31CB4C5D276113C100108A12 /* PBXTargetDependency */,
			);
			name = "Tests iOS";
			productName = "Tests iOS";
			productReference = 31CB4C5B276113C100108A12 /* Tests iOS.xctest */;
			productType = "com.apple.product-type.bundle.ui-testing";
		};
		31CB4C66276113C100108A12 /* Tests macOS */ = {
			isa = PBXNativeTarget;
			buildConfigurationList = 31CB4C80276113C100108A12 /* Build configuration list for PBXNativeTarget "Tests macOS" */;
			buildPhases = (
				31CB4C63276113C100108A12 /* Sources */,
				31CB4C64276113C100108A12 /* Frameworks */,
				31CB4C65276113C100108A12 /* Resources */,
			);
			buildRules = (
			);
			dependencies = (
				31CB4C69276113C100108A12 /* PBXTargetDependency */,
			);
			name = "Tests macOS";
			productName = "Tests macOS";
			productReference = 31CB4C67276113C100108A12 /* Tests macOS.xctest */;
			productType = "com.apple.product-type.bundle.ui-testing";
		};
/* End PBXNativeTarget section */

/* Begin PBXProject section */
		31CB4C42276113BF00108A12 /* Project object */ = {
			isa = PBXProject;
			attributes = {
				BuildIndependentTargetsInParallel = 1;
				LastSwiftUpdateCheck = 1300;
				LastUpgradeCheck = 1300;
				TargetAttributes = {
					31CB4C4D276113C000108A12 = {
						CreatedOnToolsVersion = 13.0;
					};
					31CB4C53276113C100108A12 = {
						CreatedOnToolsVersion = 13.0;
					};
					31CB4C5A276113C100108A12 = {
						CreatedOnToolsVersion = 13.0;
						TestTargetID = 31CB4C4D276113C000108A12;
					};
					31CB4C66276113C100108A12 = {
						CreatedOnToolsVersion = 13.0;
						TestTargetID = 31CB4C53276113C100108A12;
					};
				};
			};
			buildConfigurationList = 31CB4C45276113BF00108A12 /* Build configuration list for PBXProject "Multiplatform app" */;
			compatibilityVersion = "Xcode 13.0";
			developmentRegion = en;
			hasScannedForEncodings = 0;
			knownRegions = (
				en,
				Base,
			);
			mainGroup = 31CB4C41276113BF00108A12;
			productRefGroup = 31CB4C4F276113C100108A12 /* Products */;
			projectDirPath = "";
			projectRoot = "";
			targets = (
				31CB4C4D276113C000108A12 /* Multiplatform app (iOS) */,
				31CB4C53276113C100108A12 /* Multiplatform app (macOS) */,
				31CB4C5A276113C100108A12 /* Tests iOS */,
				31CB4C66276113C100108A12 /* Tests macOS */,
			);
		};
/* End PBXProject section */

/* Begin PBXResourcesBuildPhase section */
		31CB4C4C276113C000108A12 /* Resources */ = {
			isa = PBXResourcesBuildPhase;
			buildActionMask = 2147483647;
			files = (
				31CB4C73276113C100108A12 /* Assets.xcassets in Resources */,
			);
			runOnlyForDeploymentPostprocessing = 0;
		};
		31CB4C52276113C100108A12 /* Resources */ = {
			isa = PBXResourcesBuildPhase;
			buildActionMask = 2147483647;
			files = (
				31CB4C74276113C100108A12 /* Assets.xcassets in Resources */,
			);
			runOnlyForDeploymentPostprocessing = 0;
		};
		31CB4C59276113C100108A12 /* Resources */ = {
			isa = PBXResourcesBuildPhase;
			buildActionMask = 2147483647;
			files = (
			);
			runOnlyForDeploymentPostprocessing = 0;
		};
		31CB4C65276113C100108A12 /* Resources */ = {
			isa = PBXResourcesBuildPhase;
			buildActionMask = 2147483647;
			files = (
			);
			runOnlyForDeploymentPostprocessing = 0;
		};
/* End PBXResourcesBuildPhase section */

/* Begin PBXSourcesBuildPhase section */
		31CB4C4A276113C000108A12 /* Sources */ = {
			isa = PBXSourcesBuildPhase;
			buildActionMask = 2147483647;
			files = (
				31CB4C71276113C100108A12 /* ContentView.swift in Sources */,
				31CB4C6F276113C100108A12 /* Multiplatform_appApp.swift in Sources */,
			);
			runOnlyForDeploymentPostprocessing = 0;
		};
		31CB4C50276113C100108A12 /* Sources */ = {
			isa = PBXSourcesBuildPhase;
			buildActionMask = 2147483647;
			files = (
				31CB4C72276113C100108A12 /* ContentView.swift in Sources */,
				31CB4C70276113C100108A12 /* Multiplatform_appApp.swift in Sources */,
			);
			runOnlyForDeploymentPostprocessing = 0;
		};
		31CB4C57276113C100108A12 /* Sources */ = {
			isa = PBXSourcesBuildPhase;
			buildActionMask = 2147483647;
			files = (
				31CB4C62276113C100108A12 /* Tests_iOSLaunchTests.swift in Sources */,
				31CB4C60276113C100108A12 /* Tests_iOS.swift in Sources */,
			);
			runOnlyForDeploymentPostprocessing = 0;
		};
		31CB4C63276113C100108A12 /* Sources */ = {
			isa = PBXSourcesBuildPhase;
			buildActionMask = 2147483647;
			files = (
				31CB4C6E276113C100108A12 /* Tests_macOSLaunchTests.swift in Sources */,
				31CB4C6C276113C100108A12 /* Tests_macOS.swift in Sources */,
			);
			runOnlyForDeploymentPostprocessing = 0;
		};
/* End PBXSourcesBuildPhase section */

/* Begin PBXTargetDependency section */
		31CB4C5D276113C100108A12 /* PBXTargetDependency */ = {
			isa = PBXTargetDependency;
			target = 31CB4C4D276113C000108A12 /* Multiplatform app (iOS) */;
			targetProxy = 31CB4C5C276113C100108A12 /* PBXContainerItemProxy */;
		};
		31CB4C69276113C100108A12 /* PBXTargetDependency */ = {
			isa = PBXTargetDependency;
			target = 31CB4C53276113C100108A12 /* Multiplatform app (macOS) */;
			targetProxy = 31CB4C68276113C100108A12 /* PBXContainerItemProxy */;
		};
/* End PBXTargetDependency section */

/* Begin XCBuildConfiguration section */
		31CB4C75276113C100108A12 /* Debug */ = {
			isa = XCBuildConfiguration;
			buildSettings = {
				ALWAYS_SEARCH_USER_PATHS = NO;
				CLANG_ANALYZER_NONNULL = YES;
				CLANG_ANALYZER_NUMBER_OBJECT_CONVERSION = YES_AGGRESSIVE;
				CLANG_CXX_LANGUAGE_STANDARD = "gnu++17";
				CLANG_CXX_LIBRARY = "libc++";
				CLANG_ENABLE_MODULES = YES;
				CLANG_ENABLE_OBJC_ARC = YES;
				CLANG_ENABLE_OBJC_WEAK = YES;
				CLANG_WARN_BLOCK_CAPTURE_AUTORELEASING = YES;
				CLANG_WARN_BOOL_CONVERSION = YES;
				CLANG_WARN_COMMA = YES;
				CLANG_WARN_CONSTANT_CONVERSION = YES;
				CLANG_WARN_DEPRECATED_OBJC_IMPLEMENTATIONS = YES;
				CLANG_WARN_DIRECT_OBJC_ISA_USAGE = YES_ERROR;
				CLANG_WARN_DOCUMENTATION_COMMENTS = YES;
				CLANG_WARN_EMPTY_BODY = YES;
				CLANG_WARN_ENUM_CONVERSION = YES;
				CLANG_WARN_INFINITE_RECURSION = YES;
				CLANG_WARN_INT_CONVERSION = YES;
				CLANG_WARN_NON_LITERAL_NULL_CONVERSION = YES;
				CLANG_WARN_OBJC_IMPLICIT_RETAIN_SELF = YES;
				CLANG_WARN_OBJC_LITERAL_CONVERSION = YES;
				CLANG_WARN_OBJC_ROOT_CLASS = YES_ERROR;
				CLANG_WARN_QUOTED_INCLUDE_IN_FRAMEWORK_HEADER = YES;
				CLANG_WARN_RANGE_LOOP_ANALYSIS = YES;
				CLANG_WARN_STRICT_PROTOTYPES = YES;
				CLANG_WARN_SUSPICIOUS_MOVE = YES;
				CLANG_WARN_UNGUARDED_AVAILABILITY = YES_AGGRESSIVE;
				CLANG_WARN_UNREACHABLE_CODE = YES;
				CLANG_WARN__DUPLICATE_METHOD_MATCH = YES;
				COPY_PHASE_STRIP = NO;
				DEBUG_INFORMATION_FORMAT = dwarf;
				ENABLE_STRICT_OBJC_MSGSEND = YES;
				ENABLE_TESTABILITY = YES;
				GCC_C_LANGUAGE_STANDARD = gnu11;
				GCC_DYNAMIC_NO_PIC = NO;
				GCC_NO_COMMON_BLOCKS = YES;
				GCC_OPTIMIZATION_LEVEL = 0;
				GCC_PREPROCESSOR_DEFINITIONS = (
					"DEBUG=1",
					"$(inherited)",
				);
				GCC_WARN_64_TO_32_BIT_CONVERSION = YES;
				GCC_WARN_ABOUT_RETURN_TYPE = YES_ERROR;
				GCC_WARN_UNDECLARED_SELECTOR = YES;
				GCC_WARN_UNINITIALIZED_AUTOS = YES_AGGRESSIVE;
				GCC_WARN_UNUSED_FUNCTION = YES;
				GCC_WARN_UNUSED_VARIABLE = YES;
				MTL_ENABLE_DEBUG_INFO = INCLUDE_SOURCE;
				MTL_FAST_MATH = YES;
				ONLY_ACTIVE_ARCH = YES;
				SWIFT_ACTIVE_COMPILATION_CONDITIONS = DEBUG;
				SWIFT_OPTIMIZATION_LEVEL = "-Onone";
			};
			name = Debug;
		};
		31CB4C76276113C100108A12 /* Release */ = {
			isa = XCBuildConfiguration;
			buildSettings = {
				ALWAYS_SEARCH_USER_PATHS = NO;
				CLANG_ANALYZER_NONNULL = YES;
				CLANG_ANALYZER_NUMBER_OBJECT_CONVERSION = YES_AGGRESSIVE;
				CLANG_CXX_LANGUAGE_STANDARD = "gnu++17";
				CLANG_CXX_LIBRARY = "libc++";
				CLANG_ENABLE_MODULES = YES;
				CLANG_ENABLE_OBJC_ARC = YES;
				CLANG_ENABLE_OBJC_WEAK = YES;
				CLANG_WARN_BLOCK_CAPTURE_AUTORELEASING = YES;
				CLANG_WARN_BOOL_CONVERSION = YES;
				CLANG_WARN_COMMA = YES;
				CLANG_WARN_CONSTANT_CONVERSION = YES;
				CLANG_WARN_DEPRECATED_OBJC_IMPLEMENTATIONS = YES;
				CLANG_WARN_DIRECT_OBJC_ISA_USAGE = YES_ERROR;
				CLANG_WARN_DOCUMENTATION_COMMENTS = YES;
				CLANG_WARN_EMPTY_BODY = YES;
				CLANG_WARN_ENUM_CONVERSION = YES;
				CLANG_WARN_INFINITE_RECURSION = YES;
				CLANG_WARN_INT_CONVERSION = YES;
				CLANG_WARN_NON_LITERAL_NULL_CONVERSION = YES;
				CLANG_WARN_OBJC_IMPLICIT_RETAIN_SELF = YES;
				CLANG_WARN_OBJC_LITERAL_CONVERSION = YES;
				CLANG_WARN_OBJC_ROOT_CLASS = YES_ERROR;
				CLANG_WARN_QUOTED_INCLUDE_IN_FRAMEWORK_HEADER = YES;
				CLANG_WARN_RANGE_LOOP_ANALYSIS = YES;
				CLANG_WARN_STRICT_PROTOTYPES = YES;
				CLANG_WARN_SUSPICIOUS_MOVE = YES;
				CLANG_WARN_UNGUARDED_AVAILABILITY = YES_AGGRESSIVE;
				CLANG_WARN_UNREACHABLE_CODE = YES;
				CLANG_WARN__DUPLICATE_METHOD_MATCH = YES;
				COPY_PHASE_STRIP = NO;
				DEBUG_INFORMATION_FORMAT = "dwarf-with-dsym";
				ENABLE_NS_ASSERTIONS = NO;
				ENABLE_STRICT_OBJC_MSGSEND = YES;
				GCC_C_LANGUAGE_STANDARD = gnu11;
				GCC_NO_COMMON_BLOCKS = YES;
				GCC_WARN_64_TO_32_BIT_CONVERSION = YES;
				GCC_WARN_ABOUT_RETURN_TYPE = YES_ERROR;
				GCC_WARN_UNDECLARED_SELECTOR = YES;
				GCC_WARN_UNINITIALIZED_AUTOS = YES_AGGRESSIVE;
				GCC_WARN_UNUSED_FUNCTION = YES;
				GCC_WARN_UNUSED_VARIABLE = YES;
				MTL_ENABLE_DEBUG_INFO = NO;
				MTL_FAST_MATH = YES;
				SWIFT_COMPILATION_MODE = wholemodule;
				SWIFT_OPTIMIZATION_LEVEL = "-O";
			};
			name = Release;
		};
		31CB4C78276113C100108A12 /* Debug */ = {
			isa = XCBuildConfiguration;
			buildSettings = {
				ASSETCATALOG_COMPILER_APPICON_NAME = AppIcon;
				ASSETCATALOG_COMPILER_GLOBAL_ACCENT_COLOR_NAME = AccentColor;
				CODE_SIGN_STYLE = Automatic;
				CURRENT_PROJECT_VERSION = 1;
				DEVELOPMENT_TEAM = KUN9FDAF5L;
				ENABLE_PREVIEWS = YES;
				GENERATE_INFOPLIST_FILE = YES;
				INFOPLIST_KEY_UIApplicationSceneManifest_Generation = YES;
				INFOPLIST_KEY_UIApplicationSupportsIndirectInputEvents = YES;
				INFOPLIST_KEY_UILaunchScreen_Generation = YES;
				INFOPLIST_KEY_UISupportedInterfaceOrientations_iPad = "UIInterfaceOrientationPortrait UIInterfaceOrientationPortraitUpsideDown UIInterfaceOrientationLandscapeLeft UIInterfaceOrientationLandscapeRight";
				INFOPLIST_KEY_UISupportedInterfaceOrientations_iPhone = "UIInterfaceOrientationPortrait UIInterfaceOrientationLandscapeLeft UIInterfaceOrientationLandscapeRight";
				IPHONEOS_DEPLOYMENT_TARGET = 14.0;
				LD_RUNPATH_SEARCH_PATHS = (
					"$(inherited)",
					"@executable_path/Frameworks",
				);
				MARKETING_VERSION = 1.0;
				PRODUCT_BUNDLE_IDENTIFIER = "com.test.Multiplatform-app";
				PRODUCT_NAME = "Multiplatform app";
				SDKROOT = iphoneos;
				SWIFT_EMIT_LOC_STRINGS = YES;
				SWIFT_VERSION = 5.0;
				TARGETED_DEVICE_FAMILY = "1,2";
			};
			name = Debug;
		};
		31CB4C79276113C100108A12 /* Release */ = {
			isa = XCBuildConfiguration;
			buildSettings = {
				ASSETCATALOG_COMPILER_APPICON_NAME = AppIcon;
				ASSETCATALOG_COMPILER_GLOBAL_ACCENT_COLOR_NAME = AccentColor;
				CODE_SIGN_STYLE = Automatic;
				CURRENT_PROJECT_VERSION = 1;
				DEVELOPMENT_TEAM = KUN9FDAF5L;
				ENABLE_PREVIEWS = YES;
				GENERATE_INFOPLIST_FILE = YES;
				INFOPLIST_KEY_UIApplicationSceneManifest_Generation = YES;
				INFOPLIST_KEY_UIApplicationSupportsIndirectInputEvents = YES;
				INFOPLIST_KEY_UILaunchScreen_Generation = YES;
				INFOPLIST_KEY_UISupportedInterfaceOrientations_iPad = "UIInterfaceOrientationPortrait UIInterfaceOrientationPortraitUpsideDown UIInterfaceOrientationLandscapeLeft UIInterfaceOrientationLandscapeRight";
				INFOPLIST_KEY_UISupportedInterfaceOrientations_iPhone = "UIInterfaceOrientationPortrait UIInterfaceOrientationLandscapeLeft UIInterfaceOrientationLandscapeRight";
				IPHONEOS_DEPLOYMENT_TARGET = 14.0;
				LD_RUNPATH_SEARCH_PATHS = (
					"$(inherited)",
					"@executable_path/Frameworks",
				);
				MARKETING_VERSION = 1.0;
				PRODUCT_BUNDLE_IDENTIFIER = "com.test.Multiplatform-app";
				PRODUCT_NAME = "Multiplatform app";
				SDKROOT = iphoneos;
				SWIFT_EMIT_LOC_STRINGS = YES;
				SWIFT_VERSION = 5.0;
				TARGETED_DEVICE_FAMILY = "1,2";
				VALIDATE_PRODUCT = YES;
			};
			name = Release;
		};
		31CB4C7B276113C100108A12 /* Debug */ = {
			isa = XCBuildConfiguration;
			buildSettings = {
				ASSETCATALOG_COMPILER_APPICON_NAME = AppIcon;
				ASSETCATALOG_COMPILER_GLOBAL_ACCENT_COLOR_NAME = AccentColor;
				CODE_SIGN_ENTITLEMENTS = macOS/macOS.entitlements;
				CODE_SIGN_STYLE = Automatic;
				COMBINE_HIDPI_IMAGES = YES;
				CURRENT_PROJECT_VERSION = 1;
				DEVELOPMENT_TEAM = KUN9FDAF5L;
				ENABLE_HARDENED_RUNTIME = YES;
				ENABLE_PREVIEWS = YES;
				GENERATE_INFOPLIST_FILE = YES;
				INFOPLIST_KEY_NSHumanReadableCopyright = "";
				LD_RUNPATH_SEARCH_PATHS = (
					"$(inherited)",
					"@executable_path/../Frameworks",
				);
				MACOSX_DEPLOYMENT_TARGET = 11.0;
				MARKETING_VERSION = 1.0;
				PRODUCT_BUNDLE_IDENTIFIER = "com.test.Multiplatform-app";
				PRODUCT_NAME = "Multiplatform app";
				SDKROOT = macosx;
				SWIFT_EMIT_LOC_STRINGS = YES;
				SWIFT_VERSION = 5.0;
			};
			name = Debug;
		};
		31CB4C7C276113C100108A12 /* Release */ = {
			isa = XCBuildConfiguration;
			buildSettings = {
				ASSETCATALOG_COMPILER_APPICON_NAME = AppIcon;
				ASSETCATALOG_COMPILER_GLOBAL_ACCENT_COLOR_NAME = AccentColor;
				CODE_SIGN_ENTITLEMENTS = macOS/macOS.entitlements;
				CODE_SIGN_STYLE = Automatic;
				COMBINE_HIDPI_IMAGES = YES;
				CURRENT_PROJECT_VERSION = 1;
				DEVELOPMENT_TEAM = KUN9FDAF5L;
				ENABLE_HARDENED_RUNTIME = YES;
				ENABLE_PREVIEWS = YES;
				GENERATE_INFOPLIST_FILE = YES;
				INFOPLIST_KEY_NSHumanReadableCopyright = "";
				LD_RUNPATH_SEARCH_PATHS = (
					"$(inherited)",
					"@executable_path/../Frameworks",
				);
				MACOSX_DEPLOYMENT_TARGET = 11.0;
				MARKETING_VERSION = 1.0;
				PRODUCT_BUNDLE_IDENTIFIER = "com.test.Multiplatform-app";
				PRODUCT_NAME = "Multiplatform app";
				SDKROOT = macosx;
				SWIFT_EMIT_LOC_STRINGS = YES;
				SWIFT_VERSION = 5.0;
			};
			name = Release;
		};
		31CB4C7E276113C100108A12 /* Debug */ = {
			isa = XCBuildConfiguration;
			buildSettings = {
				ALWAYS_EMBED_SWIFT_STANDARD_LIBRARIES = YES;
				CODE_SIGN_STYLE = Automatic;
				CURRENT_PROJECT_VERSION = 1;
				DEVELOPMENT_TEAM = KUN9FDAF5L;
				GENERATE_INFOPLIST_FILE = YES;
				IPHONEOS_DEPLOYMENT_TARGET = 15.0;
				LD_RUNPATH_SEARCH_PATHS = (
					"$(inherited)",
					"@executable_path/Frameworks",
					"@loader_path/Frameworks",
				);
				MARKETING_VERSION = 1.0;
				PRODUCT_BUNDLE_IDENTIFIER = "com.test.Tests-iOS";
				PRODUCT_NAME = "$(TARGET_NAME)";
				SDKROOT = iphoneos;
				SWIFT_EMIT_LOC_STRINGS = NO;
				SWIFT_VERSION = 5.0;
				TARGETED_DEVICE_FAMILY = "1,2";
				TEST_TARGET_NAME = "Multiplatform app (iOS)";
			};
			name = Debug;
		};
		31CB4C7F276113C100108A12 /* Release */ = {
			isa = XCBuildConfiguration;
			buildSettings = {
				ALWAYS_EMBED_SWIFT_STANDARD_LIBRARIES = YES;
				CODE_SIGN_STYLE = Automatic;
				CURRENT_PROJECT_VERSION = 1;
				DEVELOPMENT_TEAM = KUN9FDAF5L;
				GENERATE_INFOPLIST_FILE = YES;
				IPHONEOS_DEPLOYMENT_TARGET = 15.0;
				LD_RUNPATH_SEARCH_PATHS = (
					"$(inherited)",
					"@executable_path/Frameworks",
					"@loader_path/Frameworks",
				);
				MARKETING_VERSION = 1.0;
				PRODUCT_BUNDLE_IDENTIFIER = "com.test.Tests-iOS";
				PRODUCT_NAME = "$(TARGET_NAME)";
				SDKROOT = iphoneos;
				SWIFT_EMIT_LOC_STRINGS = NO;
				SWIFT_VERSION = 5.0;
				TARGETED_DEVICE_FAMILY = "1,2";
				TEST_TARGET_NAME = "Multiplatform app (iOS)";
				VALIDATE_PRODUCT = YES;
			};
			name = Release;
		};
		31CB4C81276113C100108A12 /* Debug */ = {
			isa = XCBuildConfiguration;
			buildSettings = {
				ALWAYS_EMBED_SWIFT_STANDARD_LIBRARIES = YES;
				CODE_SIGN_STYLE = Automatic;
				COMBINE_HIDPI_IMAGES = YES;
				CURRENT_PROJECT_VERSION = 1;
				DEVELOPMENT_TEAM = KUN9FDAF5L;
				GENERATE_INFOPLIST_FILE = YES;
				LD_RUNPATH_SEARCH_PATHS = (
					"$(inherited)",
					"@executable_path/../Frameworks",
					"@loader_path/../Frameworks",
				);
				MACOSX_DEPLOYMENT_TARGET = 11.3;
				MARKETING_VERSION = 1.0;
				PRODUCT_BUNDLE_IDENTIFIER = "com.test.Tests-macOS";
				PRODUCT_NAME = "$(TARGET_NAME)";
				SDKROOT = macosx;
				SWIFT_EMIT_LOC_STRINGS = NO;
				SWIFT_VERSION = 5.0;
				TEST_TARGET_NAME = "Multiplatform app (macOS)";
			};
			name = Debug;
		};
		31CB4C82276113C100108A12 /* Release */ = {
			isa = XCBuildConfiguration;
			buildSettings = {
				ALWAYS_EMBED_SWIFT_STANDARD_LIBRARIES = YES;
				CODE_SIGN_STYLE = Automatic;
				COMBINE_HIDPI_IMAGES = YES;
				CURRENT_PROJECT_VERSION = 1;
				DEVELOPMENT_TEAM = KUN9FDAF5L;
				GENERATE_INFOPLIST_FILE = YES;
				LD_RUNPATH_SEARCH_PATHS = (
					"$(inherited)",
					"@executable_path/../Frameworks",
					"@loader_path/../Frameworks",
				);
				MACOSX_DEPLOYMENT_TARGET = 11.3;
				MARKETING_VERSION = 1.0;
				PRODUCT_BUNDLE_IDENTIFIER = "com.test.Tests-macOS";
				PRODUCT_NAME = "$(TARGET_NAME)";
				SDKROOT = macosx;
				SWIFT_EMIT_LOC_STRINGS = NO;
				SWIFT_VERSION = 5.0;
				TEST_TARGET_NAME = "Multiplatform app (macOS)";
			};
			name = Release;
		};
/* End XCBuildConfiguration section */

/* Begin XCConfigurationList section */
		31CB4C45276113BF00108A12 /* Build configuration list for PBXProject "Multiplatform app" */ = {
			isa = XCConfigurationList;
			buildConfigurations = (
				31CB4C75276113C100108A12 /* Debug */,
				31CB4C76276113C100108A12 /* Release */,
			);
			defaultConfigurationIsVisible = 0;
			defaultConfigurationName = Release;
		};
		31CB4C77276113C100108A12 /* Build configuration list for PBXNativeTarget "Multiplatform app (iOS)" */ = {
			isa = XCConfigurationList;
			buildConfigurations = (
				31CB4C78276113C100108A12 /* Debug */,
				31CB4C79276113C100108A12 /* Release */,
			);
			defaultConfigurationIsVisible = 0;
			defaultConfigurationName = Release;
		};
		31CB4C7A276113C100108A12 /* Build configuration list for PBXNativeTarget "Multiplatform app (macOS)" */ = {
			isa = XCConfigurationList;
			buildConfigurations = (
				31CB4C7B276113C100108A12 /* Debug */,
				31CB4C7C276113C100108A12 /* Release */,
			);
			defaultConfigurationIsVisible = 0;
			defaultConfigurationName = Release;
		};
		31CB4C7D276113C100108A12 /* Build configuration list for PBXNativeTarget "Tests iOS" */ = {
			isa = XCConfigurationList;
			buildConfigurations = (
				31CB4C7E276113C100108A12 /* Debug */,
				31CB4C7F276113C100108A12 /* Release */,
			);
			defaultConfigurationIsVisible = 0;
			defaultConfigurationName = Release;
		};
		31CB4C80276113C100108A12 /* Build configuration list for PBXNativeTarget "Tests macOS" */ = {
			isa = XCConfigurationList;
			buildConfigurations = (
				31CB4C81276113C100108A12 /* Debug */,
				31CB4C82276113C100108A12 /* Release */,
			);
			defaultConfigurationIsVisible = 0;
			defaultConfigurationName = Release;
		};
/* End XCConfigurationList section */
	};
	rootObject = 31CB4C42276113BF00108A12 /* Project object */;
}
